// !$*UTF8*$!
{
	archiveVersion = 1;
	classes = {
	};
	objectVersion = 46;
	objects = {

/* Begin PBXBuildFile section */
		78D08DDE1DBFB69C0075C5C9 /* AppDelegate.swift in Sources */ = {isa = PBXBuildFile; fileRef = 78D08DDD1DBFB69C0075C5C9 /* AppDelegate.swift */; };
		78D08DE01DBFB69C0075C5C9 /* ViewController.swift in Sources */ = {isa = PBXBuildFile; fileRef = 78D08DDF1DBFB69C0075C5C9 /* ViewController.swift */; };
		78D08DE31DBFB69C0075C5C9 /* Main.storyboard in Resources */ = {isa = PBXBuildFile; fileRef = 78D08DE11DBFB69C0075C5C9 /* Main.storyboard */; };
		78D08DE51DBFB69C0075C5C9 /* Assets.xcassets in Resources */ = {isa = PBXBuildFile; fileRef = 78D08DE41DBFB69C0075C5C9 /* Assets.xcassets */; };
		78D08DE81DBFB69C0075C5C9 /* LaunchScreen.storyboard in Resources */ = {isa = PBXBuildFile; fileRef = 78D08DE61DBFB69C0075C5C9 /* LaunchScreen.storyboard */; };
		78D08DF31DBFB69C0075C5C9 /* ArmyOfOnesTests.swift in Sources */ = {isa = PBXBuildFile; fileRef = 78D08DF21DBFB69C0075C5C9 /* ArmyOfOnesTests.swift */; };
		78D08DFE1DBFB69C0075C5C9 /* ArmyOfOnesUITests.swift in Sources */ = {isa = PBXBuildFile; fileRef = 78D08DFD1DBFB69C0075C5C9 /* ArmyOfOnesUITests.swift */; };
		78D08E0F1DBFB7C50075C5C9 /* CurrencyConverter.swift in Sources */ = {isa = PBXBuildFile; fileRef = 78D08E0E1DBFB7C50075C5C9 /* CurrencyConverter.swift */; };
		78D08E141DBFC8230075C5C9 /* UIColor+Huge.swift in Sources */ = {isa = PBXBuildFile; fileRef = 78D08E131DBFC8230075C5C9 /* UIColor+Huge.swift */; };
		78D08E161DBFD5CE0075C5C9 /* UIView+FrameShorthand.swift in Sources */ = {isa = PBXBuildFile; fileRef = 78D08E151DBFD5CE0075C5C9 /* UIView+FrameShorthand.swift */; };
		78D08E1D1DBFDAC70075C5C9 /* GalaxieCopernicus-BookItalic.ttf in Resources */ = {isa = PBXBuildFile; fileRef = 78D08E1A1DBFDAC70075C5C9 /* GalaxieCopernicus-BookItalic.ttf */; };
		78D08E1E1DBFDAC70075C5C9 /* HugeAvantGuardBold.ttf in Resources */ = {isa = PBXBuildFile; fileRef = 78D08E1B1DBFDAC70075C5C9 /* HugeAvantGuardBold.ttf */; };
		78D08E1F1DBFDAC70075C5C9 /* GalaxieCopernicus-Book.ttf in Resources */ = {isa = PBXBuildFile; fileRef = 78D08E1C1DBFDAC70075C5C9 /* GalaxieCopernicus-Book.ttf */; };
		78D08E231DBFDFE70075C5C9 /* CurrencyResultView.swift in Sources */ = {isa = PBXBuildFile; fileRef = 78D08E221DBFDFE70075C5C9 /* CurrencyResultView.swift */; };
/* End PBXBuildFile section */

/* Begin PBXContainerItemProxy section */
		78D08DEF1DBFB69C0075C5C9 /* PBXContainerItemProxy */ = {
			isa = PBXContainerItemProxy;
			containerPortal = 78D08DD21DBFB69C0075C5C9 /* Project object */;
			proxyType = 1;
			remoteGlobalIDString = 78D08DD91DBFB69C0075C5C9;
			remoteInfo = ArmyOfOnes;
		};
		78D08DFA1DBFB69C0075C5C9 /* PBXContainerItemProxy */ = {
			isa = PBXContainerItemProxy;
			containerPortal = 78D08DD21DBFB69C0075C5C9 /* Project object */;
			proxyType = 1;
			remoteGlobalIDString = 78D08DD91DBFB69C0075C5C9;
			remoteInfo = ArmyOfOnes;
		};
/* End PBXContainerItemProxy section */

/* Begin PBXFileReference section */
		78D08DDA1DBFB69C0075C5C9 /* ArmyOfOnes.app */ = {isa = PBXFileReference; explicitFileType = wrapper.application; includeInIndex = 0; path = ArmyOfOnes.app; sourceTree = BUILT_PRODUCTS_DIR; };
		78D08DDD1DBFB69C0075C5C9 /* AppDelegate.swift */ = {isa = PBXFileReference; lastKnownFileType = sourcecode.swift; path = AppDelegate.swift; sourceTree = "<group>"; };
		78D08DDF1DBFB69C0075C5C9 /* ViewController.swift */ = {isa = PBXFileReference; lastKnownFileType = sourcecode.swift; path = ViewController.swift; sourceTree = "<group>"; };
		78D08DE21DBFB69C0075C5C9 /* Base */ = {isa = PBXFileReference; lastKnownFileType = file.storyboard; name = Base; path = Base.lproj/Main.storyboard; sourceTree = "<group>"; };
		78D08DE41DBFB69C0075C5C9 /* Assets.xcassets */ = {isa = PBXFileReference; lastKnownFileType = folder.assetcatalog; path = Assets.xcassets; sourceTree = "<group>"; };
		78D08DE71DBFB69C0075C5C9 /* Base */ = {isa = PBXFileReference; lastKnownFileType = file.storyboard; name = Base; path = Base.lproj/LaunchScreen.storyboard; sourceTree = "<group>"; };
		78D08DE91DBFB69C0075C5C9 /* Info.plist */ = {isa = PBXFileReference; lastKnownFileType = text.plist.xml; path = Info.plist; sourceTree = "<group>"; };
		78D08DEE1DBFB69C0075C5C9 /* ArmyOfOnesTests.xctest */ = {isa = PBXFileReference; explicitFileType = wrapper.cfbundle; includeInIndex = 0; path = ArmyOfOnesTests.xctest; sourceTree = BUILT_PRODUCTS_DIR; };
		78D08DF21DBFB69C0075C5C9 /* ArmyOfOnesTests.swift */ = {isa = PBXFileReference; lastKnownFileType = sourcecode.swift; path = ArmyOfOnesTests.swift; sourceTree = "<group>"; };
		78D08DF41DBFB69C0075C5C9 /* Info.plist */ = {isa = PBXFileReference; lastKnownFileType = text.plist.xml; path = Info.plist; sourceTree = "<group>"; };
		78D08DF91DBFB69C0075C5C9 /* ArmyOfOnesUITests.xctest */ = {isa = PBXFileReference; explicitFileType = wrapper.cfbundle; includeInIndex = 0; path = ArmyOfOnesUITests.xctest; sourceTree = BUILT_PRODUCTS_DIR; };
		78D08DFD1DBFB69C0075C5C9 /* ArmyOfOnesUITests.swift */ = {isa = PBXFileReference; lastKnownFileType = sourcecode.swift; path = ArmyOfOnesUITests.swift; sourceTree = "<group>"; };
		78D08DFF1DBFB69C0075C5C9 /* Info.plist */ = {isa = PBXFileReference; lastKnownFileType = text.plist.xml; path = Info.plist; sourceTree = "<group>"; };
		78D08E0E1DBFB7C50075C5C9 /* CurrencyConverter.swift */ = {isa = PBXFileReference; fileEncoding = 4; lastKnownFileType = sourcecode.swift; path = CurrencyConverter.swift; sourceTree = "<group>"; };
		78D08E131DBFC8230075C5C9 /* UIColor+Huge.swift */ = {isa = PBXFileReference; fileEncoding = 4; lastKnownFileType = sourcecode.swift; path = "UIColor+Huge.swift"; sourceTree = "<group>"; };
		78D08E151DBFD5CE0075C5C9 /* UIView+FrameShorthand.swift */ = {isa = PBXFileReference; fileEncoding = 4; lastKnownFileType = sourcecode.swift; path = "UIView+FrameShorthand.swift"; sourceTree = "<group>"; };
		78D08E1A1DBFDAC70075C5C9 /* GalaxieCopernicus-BookItalic.ttf */ = {isa = PBXFileReference; lastKnownFileType = file; path = "GalaxieCopernicus-BookItalic.ttf"; sourceTree = "<group>"; };
		78D08E1B1DBFDAC70075C5C9 /* HugeAvantGuardBold.ttf */ = {isa = PBXFileReference; lastKnownFileType = file; path = HugeAvantGuardBold.ttf; sourceTree = "<group>"; };
		78D08E1C1DBFDAC70075C5C9 /* GalaxieCopernicus-Book.ttf */ = {isa = PBXFileReference; lastKnownFileType = file; path = "GalaxieCopernicus-Book.ttf"; sourceTree = "<group>"; };
		78D08E221DBFDFE70075C5C9 /* CurrencyResultView.swift */ = {isa = PBXFileReference; fileEncoding = 4; lastKnownFileType = sourcecode.swift; path = CurrencyResultView.swift; sourceTree = "<group>"; };
/* End PBXFileReference section */

/* Begin PBXFrameworksBuildPhase section */
		78D08DD71DBFB69C0075C5C9 /* Frameworks */ = {
			isa = PBXFrameworksBuildPhase;
			buildActionMask = 2147483647;
			files = (
			);
			runOnlyForDeploymentPostprocessing = 0;
		};
		78D08DEB1DBFB69C0075C5C9 /* Frameworks */ = {
			isa = PBXFrameworksBuildPhase;
			buildActionMask = 2147483647;
			files = (
			);
			runOnlyForDeploymentPostprocessing = 0;
		};
		78D08DF61DBFB69C0075C5C9 /* Frameworks */ = {
			isa = PBXFrameworksBuildPhase;
			buildActionMask = 2147483647;
			files = (
			);
			runOnlyForDeploymentPostprocessing = 0;
		};
/* End PBXFrameworksBuildPhase section */

/* Begin PBXGroup section */
		78D08DD11DBFB69C0075C5C9 = {
			isa = PBXGroup;
			children = (
				78D08DDC1DBFB69C0075C5C9 /* ArmyOfOnes */,
				78D08DF11DBFB69C0075C5C9 /* ArmyOfOnesTests */,
				78D08DFC1DBFB69C0075C5C9 /* ArmyOfOnesUITests */,
				78D08DDB1DBFB69C0075C5C9 /* Products */,
			);
			sourceTree = "<group>";
		};
		78D08DDB1DBFB69C0075C5C9 /* Products */ = {
			isa = PBXGroup;
			children = (
				78D08DDA1DBFB69C0075C5C9 /* ArmyOfOnes.app */,
				78D08DEE1DBFB69C0075C5C9 /* ArmyOfOnesTests.xctest */,
				78D08DF91DBFB69C0075C5C9 /* ArmyOfOnesUITests.xctest */,
			);
			name = Products;
			sourceTree = "<group>";
		};
		78D08DDC1DBFB69C0075C5C9 /* ArmyOfOnes */ = {
			isa = PBXGroup;
			children = (
				78D08E0C1DBFB6BF0075C5C9 /* App */,
				78D08E0B1DBFB6AD0075C5C9 /* Controllers */,
				78D08E101DBFC7CD0075C5C9 /* Extensions */,
				78D08E0D1DBFB7360075C5C9 /* Managers */,
				78D08E201DBFDF900075C5C9 /* Views */,
			);
			path = ArmyOfOnes;
			sourceTree = "<group>";
		};
		78D08DF11DBFB69C0075C5C9 /* ArmyOfOnesTests */ = {
			isa = PBXGroup;
			children = (
				78D08DF21DBFB69C0075C5C9 /* ArmyOfOnesTests.swift */,
				78D08DF41DBFB69C0075C5C9 /* Info.plist */,
			);
			path = ArmyOfOnesTests;
			sourceTree = "<group>";
		};
		78D08DFC1DBFB69C0075C5C9 /* ArmyOfOnesUITests */ = {
			isa = PBXGroup;
			children = (
				78D08DFD1DBFB69C0075C5C9 /* ArmyOfOnesUITests.swift */,
				78D08DFF1DBFB69C0075C5C9 /* Info.plist */,
			);
			path = ArmyOfOnesUITests;
			sourceTree = "<group>";
		};
		78D08E0B1DBFB6AD0075C5C9 /* Controllers */ = {
			isa = PBXGroup;
			children = (
				78D08DDF1DBFB69C0075C5C9 /* ViewController.swift */,
			);
			name = Controllers;
			sourceTree = "<group>";
		};
		78D08E0C1DBFB6BF0075C5C9 /* App */ = {
			isa = PBXGroup;
			children = (
				78D08E211DBFDF9A0075C5C9 /* Fonts */,
				78D08DDD1DBFB69C0075C5C9 /* AppDelegate.swift */,
				78D08DE11DBFB69C0075C5C9 /* Main.storyboard */,
				78D08DE41DBFB69C0075C5C9 /* Assets.xcassets */,
				78D08DE61DBFB69C0075C5C9 /* LaunchScreen.storyboard */,
				78D08DE91DBFB69C0075C5C9 /* Info.plist */,
			);
			name = App;
			sourceTree = "<group>";
		};
		78D08E0D1DBFB7360075C5C9 /* Managers */ = {
			isa = PBXGroup;
			children = (
				78D08E0E1DBFB7C50075C5C9 /* CurrencyConverter.swift */,
			);
			name = Managers;
			sourceTree = "<group>";
		};
		78D08E101DBFC7CD0075C5C9 /* Extensions */ = {
			isa = PBXGroup;
			children = (
				78D08E131DBFC8230075C5C9 /* UIColor+Huge.swift */,
				78D08E151DBFD5CE0075C5C9 /* UIView+FrameShorthand.swift */,
			);
			name = Extensions;
			sourceTree = "<group>";
		};
		78D08E201DBFDF900075C5C9 /* Views */ = {
			isa = PBXGroup;
			children = (
				78D08E221DBFDFE70075C5C9 /* CurrencyResultView.swift */,
			);
			name = Views;
			sourceTree = "<group>";
		};
		78D08E211DBFDF9A0075C5C9 /* Fonts */ = {
			isa = PBXGroup;
			children = (
				78D08E1A1DBFDAC70075C5C9 /* GalaxieCopernicus-BookItalic.ttf */,
				78D08E1B1DBFDAC70075C5C9 /* HugeAvantGuardBold.ttf */,
				78D08E1C1DBFDAC70075C5C9 /* GalaxieCopernicus-Book.ttf */,
			);
			name = Fonts;
			sourceTree = "<group>";
		};
/* End PBXGroup section */

/* Begin PBXNativeTarget section */
		78D08DD91DBFB69C0075C5C9 /* ArmyOfOnes */ = {
			isa = PBXNativeTarget;
			buildConfigurationList = 78D08E021DBFB69C0075C5C9 /* Build configuration list for PBXNativeTarget "ArmyOfOnes" */;
			buildPhases = (
				78D08DD61DBFB69C0075C5C9 /* Sources */,
				78D08DD71DBFB69C0075C5C9 /* Frameworks */,
				78D08DD81DBFB69C0075C5C9 /* Resources */,
			);
			buildRules = (
			);
			dependencies = (
			);
			name = ArmyOfOnes;
			productName = ArmyOfOnes;
			productReference = 78D08DDA1DBFB69C0075C5C9 /* ArmyOfOnes.app */;
			productType = "com.apple.product-type.application";
		};
		78D08DED1DBFB69C0075C5C9 /* ArmyOfOnesTests */ = {
			isa = PBXNativeTarget;
			buildConfigurationList = 78D08E051DBFB69C0075C5C9 /* Build configuration list for PBXNativeTarget "ArmyOfOnesTests" */;
			buildPhases = (
				78D08DEA1DBFB69C0075C5C9 /* Sources */,
				78D08DEB1DBFB69C0075C5C9 /* Frameworks */,
				78D08DEC1DBFB69C0075C5C9 /* Resources */,
			);
			buildRules = (
			);
			dependencies = (
				78D08DF01DBFB69C0075C5C9 /* PBXTargetDependency */,
			);
			name = ArmyOfOnesTests;
			productName = ArmyOfOnesTests;
			productReference = 78D08DEE1DBFB69C0075C5C9 /* ArmyOfOnesTests.xctest */;
			productType = "com.apple.product-type.bundle.unit-test";
		};
		78D08DF81DBFB69C0075C5C9 /* ArmyOfOnesUITests */ = {
			isa = PBXNativeTarget;
			buildConfigurationList = 78D08E081DBFB69C0075C5C9 /* Build configuration list for PBXNativeTarget "ArmyOfOnesUITests" */;
			buildPhases = (
				78D08DF51DBFB69C0075C5C9 /* Sources */,
				78D08DF61DBFB69C0075C5C9 /* Frameworks */,
				78D08DF71DBFB69C0075C5C9 /* Resources */,
			);
			buildRules = (
			);
			dependencies = (
				78D08DFB1DBFB69C0075C5C9 /* PBXTargetDependency */,
			);
			name = ArmyOfOnesUITests;
			productName = ArmyOfOnesUITests;
			productReference = 78D08DF91DBFB69C0075C5C9 /* ArmyOfOnesUITests.xctest */;
			productType = "com.apple.product-type.bundle.ui-testing";
		};
/* End PBXNativeTarget section */

/* Begin PBXProject section */
		78D08DD21DBFB69C0075C5C9 /* Project object */ = {
			isa = PBXProject;
			attributes = {
				LastSwiftUpdateCheck = 0800;
				LastUpgradeCheck = 0800;
				ORGANIZATIONNAME = "Paul Denya";
				TargetAttributes = {
					78D08DD91DBFB69C0075C5C9 = {
						CreatedOnToolsVersion = 8.0;
						DevelopmentTeam = CX9G9ZFEQ2;
						ProvisioningStyle = Automatic;
					};
					78D08DED1DBFB69C0075C5C9 = {
						CreatedOnToolsVersion = 8.0;
						DevelopmentTeam = CX9G9ZFEQ2;
						ProvisioningStyle = Automatic;
						TestTargetID = 78D08DD91DBFB69C0075C5C9;
					};
					78D08DF81DBFB69C0075C5C9 = {
						CreatedOnToolsVersion = 8.0;
						DevelopmentTeam = CX9G9ZFEQ2;
						ProvisioningStyle = Automatic;
						TestTargetID = 78D08DD91DBFB69C0075C5C9;
					};
				};
			};
			buildConfigurationList = 78D08DD51DBFB69C0075C5C9 /* Build configuration list for PBXProject "ArmyOfOnes" */;
			compatibilityVersion = "Xcode 3.2";
			developmentRegion = English;
			hasScannedForEncodings = 0;
			knownRegions = (
				en,
				Base,
			);
			mainGroup = 78D08DD11DBFB69C0075C5C9;
			productRefGroup = 78D08DDB1DBFB69C0075C5C9 /* Products */;
			projectDirPath = "";
			projectRoot = "";
			targets = (
				78D08DD91DBFB69C0075C5C9 /* ArmyOfOnes */,
				78D08DED1DBFB69C0075C5C9 /* ArmyOfOnesTests */,
				78D08DF81DBFB69C0075C5C9 /* ArmyOfOnesUITests */,
			);
		};
/* End PBXProject section */

/* Begin PBXResourcesBuildPhase section */
		78D08DD81DBFB69C0075C5C9 /* Resources */ = {
			isa = PBXResourcesBuildPhase;
			buildActionMask = 2147483647;
			files = (
				78D08E1E1DBFDAC70075C5C9 /* HugeAvantGuardBold.ttf in Resources */,
				78D08E1D1DBFDAC70075C5C9 /* GalaxieCopernicus-BookItalic.ttf in Resources */,
				78D08E1F1DBFDAC70075C5C9 /* GalaxieCopernicus-Book.ttf in Resources */,
				78D08DE81DBFB69C0075C5C9 /* LaunchScreen.storyboard in Resources */,
				78D08DE51DBFB69C0075C5C9 /* Assets.xcassets in Resources */,
				78D08DE31DBFB69C0075C5C9 /* Main.storyboard in Resources */,
			);
			runOnlyForDeploymentPostprocessing = 0;
		};
		78D08DEC1DBFB69C0075C5C9 /* Resources */ = {
			isa = PBXResourcesBuildPhase;
			buildActionMask = 2147483647;
			files = (
			);
			runOnlyForDeploymentPostprocessing = 0;
		};
		78D08DF71DBFB69C0075C5C9 /* Resources */ = {
			isa = PBXResourcesBuildPhase;
			buildActionMask = 2147483647;
			files = (
			);
			runOnlyForDeploymentPostprocessing = 0;
		};
/* End PBXResourcesBuildPhase section */

/* Begin PBXSourcesBuildPhase section */
		78D08DD61DBFB69C0075C5C9 /* Sources */ = {
			isa = PBXSourcesBuildPhase;
			buildActionMask = 2147483647;
			files = (
				78D08E0F1DBFB7C50075C5C9 /* CurrencyConverter.swift in Sources */,
				78D08DE01DBFB69C0075C5C9 /* ViewController.swift in Sources */,
				78D08E231DBFDFE70075C5C9 /* CurrencyResultView.swift in Sources */,
				78D08E141DBFC8230075C5C9 /* UIColor+Huge.swift in Sources */,
				78D08E161DBFD5CE0075C5C9 /* UIView+FrameShorthand.swift in Sources */,
				78D08DDE1DBFB69C0075C5C9 /* AppDelegate.swift in Sources */,
			);
			runOnlyForDeploymentPostprocessing = 0;
		};
		78D08DEA1DBFB69C0075C5C9 /* Sources */ = {
			isa = PBXSourcesBuildPhase;
			buildActionMask = 2147483647;
			files = (
				78D08DF31DBFB69C0075C5C9 /* ArmyOfOnesTests.swift in Sources */,
			);
			runOnlyForDeploymentPostprocessing = 0;
		};
		78D08DF51DBFB69C0075C5C9 /* Sources */ = {
			isa = PBXSourcesBuildPhase;
			buildActionMask = 2147483647;
			files = (
				78D08DFE1DBFB69C0075C5C9 /* ArmyOfOnesUITests.swift in Sources */,
			);
			runOnlyForDeploymentPostprocessing = 0;
		};
/* End PBXSourcesBuildPhase section */

/* Begin PBXTargetDependency section */
		78D08DF01DBFB69C0075C5C9 /* PBXTargetDependency */ = {
			isa = PBXTargetDependency;
			target = 78D08DD91DBFB69C0075C5C9 /* ArmyOfOnes */;
			targetProxy = 78D08DEF1DBFB69C0075C5C9 /* PBXContainerItemProxy */;
		};
		78D08DFB1DBFB69C0075C5C9 /* PBXTargetDependency */ = {
			isa = PBXTargetDependency;
			target = 78D08DD91DBFB69C0075C5C9 /* ArmyOfOnes */;
			targetProxy = 78D08DFA1DBFB69C0075C5C9 /* PBXContainerItemProxy */;
		};
/* End PBXTargetDependency section */

/* Begin PBXVariantGroup section */
		78D08DE11DBFB69C0075C5C9 /* Main.storyboard */ = {
			isa = PBXVariantGroup;
			children = (
				78D08DE21DBFB69C0075C5C9 /* Base */,
			);
			name = Main.storyboard;
			sourceTree = "<group>";
		};
		78D08DE61DBFB69C0075C5C9 /* LaunchScreen.storyboard */ = {
			isa = PBXVariantGroup;
			children = (
				78D08DE71DBFB69C0075C5C9 /* Base */,
			);
			name = LaunchScreen.storyboard;
			sourceTree = "<group>";
		};
/* End PBXVariantGroup section */

/* Begin XCBuildConfiguration section */
		78D08E001DBFB69C0075C5C9 /* Debug */ = {
			isa = XCBuildConfiguration;
			buildSettings = {
				ALWAYS_SEARCH_USER_PATHS = NO;
				CLANG_ANALYZER_NONNULL = YES;
				CLANG_CXX_LANGUAGE_STANDARD = "gnu++0x";
				CLANG_CXX_LIBRARY = "libc++";
				CLANG_ENABLE_MODULES = YES;
				CLANG_ENABLE_OBJC_ARC = YES;
				CLANG_WARN_BOOL_CONVERSION = YES;
				CLANG_WARN_CONSTANT_CONVERSION = YES;
				CLANG_WARN_DIRECT_OBJC_ISA_USAGE = YES_ERROR;
				CLANG_WARN_DOCUMENTATION_COMMENTS = YES;
				CLANG_WARN_EMPTY_BODY = YES;
				CLANG_WARN_ENUM_CONVERSION = YES;
				CLANG_WARN_INFINITE_RECURSION = YES;
				CLANG_WARN_INT_CONVERSION = YES;
				CLANG_WARN_OBJC_ROOT_CLASS = YES_ERROR;
				CLANG_WARN_SUSPICIOUS_MOVES = YES;
				CLANG_WARN_UNREACHABLE_CODE = YES;
				CLANG_WARN__DUPLICATE_METHOD_MATCH = YES;
				"CODE_SIGN_IDENTITY[sdk=iphoneos*]" = "iPhone Developer";
				COPY_PHASE_STRIP = NO;
				DEBUG_INFORMATION_FORMAT = dwarf;
				ENABLE_STRICT_OBJC_MSGSEND = YES;
				ENABLE_TESTABILITY = YES;
				GCC_C_LANGUAGE_STANDARD = gnu99;
				GCC_DYNAMIC_NO_PIC = NO;
				GCC_NO_COMMON_BLOCKS = YES;
				GCC_OPTIMIZATION_LEVEL = 0;
				GCC_PREPROCESSOR_DEFINITIONS = (
					"DEBUG=1",
					"$(inherited)",
				);
				GCC_WARN_64_TO_32_BIT_CONVERSION = YES;
				GCC_WARN_ABOUT_RETURN_TYPE = YES_ERROR;
				GCC_WARN_UNDECLARED_SELECTOR = YES;
				GCC_WARN_UNINITIALIZED_AUTOS = YES_AGGRESSIVE;
				GCC_WARN_UNUSED_FUNCTION = YES;
				GCC_WARN_UNUSED_VARIABLE = YES;
				IPHONEOS_DEPLOYMENT_TARGET = 10.0;
				MTL_ENABLE_DEBUG_INFO = YES;
				ONLY_ACTIVE_ARCH = YES;
				SDKROOT = iphoneos;
				SWIFT_ACTIVE_COMPILATION_CONDITIONS = DEBUG;
				SWIFT_OPTIMIZATION_LEVEL = "-Onone";
				TARGETED_DEVICE_FAMILY = "1,2";
			};
			name = Debug;
		};
		78D08E011DBFB69C0075C5C9 /* Release */ = {
			isa = XCBuildConfiguration;
			buildSettings = {
				ALWAYS_SEARCH_USER_PATHS = NO;
				CLANG_ANALYZER_NONNULL = YES;
				CLANG_CXX_LANGUAGE_STANDARD = "gnu++0x";
				CLANG_CXX_LIBRARY = "libc++";
				CLANG_ENABLE_MODULES = YES;
				CLANG_ENABLE_OBJC_ARC = YES;
				CLANG_WARN_BOOL_CONVERSION = YES;
				CLANG_WARN_CONSTANT_CONVERSION = YES;
				CLANG_WARN_DIRECT_OBJC_ISA_USAGE = YES_ERROR;
				CLANG_WARN_DOCUMENTATION_COMMENTS = YES;
				CLANG_WARN_EMPTY_BODY = YES;
				CLANG_WARN_ENUM_CONVERSION = YES;
				CLANG_WARN_INFINITE_RECURSION = YES;
				CLANG_WARN_INT_CONVERSION = YES;
				CLANG_WARN_OBJC_ROOT_CLASS = YES_ERROR;
				CLANG_WARN_SUSPICIOUS_MOVES = YES;
				CLANG_WARN_UNREACHABLE_CODE = YES;
				CLANG_WARN__DUPLICATE_METHOD_MATCH = YES;
				"CODE_SIGN_IDENTITY[sdk=iphoneos*]" = "iPhone Developer";
				COPY_PHASE_STRIP = NO;
				DEBUG_INFORMATION_FORMAT = "dwarf-with-dsym";
				ENABLE_NS_ASSERTIONS = NO;
				ENABLE_STRICT_OBJC_MSGSEND = YES;
				GCC_C_LANGUAGE_STANDARD = gnu99;
				GCC_NO_COMMON_BLOCKS = YES;
				GCC_WARN_64_TO_32_BIT_CONVERSION = YES;
				GCC_WARN_ABOUT_RETURN_TYPE = YES_ERROR;
				GCC_WARN_UNDECLARED_SELECTOR = YES;
				GCC_WARN_UNINITIALIZED_AUTOS = YES_AGGRESSIVE;
				GCC_WARN_UNUSED_FUNCTION = YES;
				GCC_WARN_UNUSED_VARIABLE = YES;
				IPHONEOS_DEPLOYMENT_TARGET = 10.0;
				MTL_ENABLE_DEBUG_INFO = NO;
				SDKROOT = iphoneos;
				SWIFT_OPTIMIZATION_LEVEL = "-Owholemodule";
				TARGETED_DEVICE_FAMILY = "1,2";
				VALIDATE_PRODUCT = YES;
			};
			name = Release;
		};
		78D08E031DBFB69C0075C5C9 /* Debug */ = {
			isa = XCBuildConfiguration;
			buildSettings = {
				ASSETCATALOG_COMPILER_APPICON_NAME = AppIcon;
				ASSETCATALOG_COMPILER_LAUNCHIMAGE_NAME = LaunchImage;
				DEVELOPMENT_TEAM = CX9G9ZFEQ2;
				INFOPLIST_FILE = ArmyOfOnes/Info.plist;
				LD_RUNPATH_SEARCH_PATHS = "$(inherited) @executable_path/Frameworks";
				PRODUCT_BUNDLE_IDENTIFIER = com.pdenya.ArmyOfOnes;
				PRODUCT_NAME = "$(TARGET_NAME)";
				SWIFT_VERSION = 3.0;
			};
			name = Debug;
		};
		78D08E041DBFB69C0075C5C9 /* Release */ = {
			isa = XCBuildConfiguration;
			buildSettings = {
				ASSETCATALOG_COMPILER_APPICON_NAME = AppIcon;
				ASSETCATALOG_COMPILER_LAUNCHIMAGE_NAME = LaunchImage;
				DEVELOPMENT_TEAM = CX9G9ZFEQ2;
				INFOPLIST_FILE = ArmyOfOnes/Info.plist;
				LD_RUNPATH_SEARCH_PATHS = "$(inherited) @executable_path/Frameworks";
				PRODUCT_BUNDLE_IDENTIFIER = com.pdenya.ArmyOfOnes;
				PRODUCT_NAME = "$(TARGET_NAME)";
				SWIFT_VERSION = 3.0;
			};
			name = Release;
		};
		78D08E061DBFB69C0075C5C9 /* Debug */ = {
			isa = XCBuildConfiguration;
			buildSettings = {
				ALWAYS_EMBED_SWIFT_STANDARD_LIBRARIES = YES;
				BUNDLE_LOADER = "$(TEST_HOST)";
				DEVELOPMENT_TEAM = CX9G9ZFEQ2;
				INFOPLIST_FILE = ArmyOfOnesTests/Info.plist;
				LD_RUNPATH_SEARCH_PATHS = "$(inherited) @executable_path/Frameworks @loader_path/Frameworks";
				PRODUCT_BUNDLE_IDENTIFIER = com.pdenya.ArmyOfOnesTests;
				PRODUCT_NAME = "$(TARGET_NAME)";
				SWIFT_VERSION = 3.0;
				TEST_HOST = "$(BUILT_PRODUCTS_DIR)/ArmyOfOnes.app/ArmyOfOnes";
			};
			name = Debug;
		};
		78D08E071DBFB69C0075C5C9 /* Release */ = {
			isa = XCBuildConfiguration;
			buildSettings = {
				ALWAYS_EMBED_SWIFT_STANDARD_LIBRARIES = YES;
				BUNDLE_LOADER = "$(TEST_HOST)";
				DEVELOPMENT_TEAM = CX9G9ZFEQ2;
				INFOPLIST_FILE = ArmyOfOnesTests/Info.plist;
				LD_RUNPATH_SEARCH_PATHS = "$(inherited) @executable_path/Frameworks @loader_path/Frameworks";
				PRODUCT_BUNDLE_IDENTIFIER = com.pdenya.ArmyOfOnesTests;
				PRODUCT_NAME = "$(TARGET_NAME)";
				SWIFT_VERSION = 3.0;
				TEST_HOST = "$(BUILT_PRODUCTS_DIR)/ArmyOfOnes.app/ArmyOfOnes";
			};
			name = Release;
		};
		78D08E091DBFB69C0075C5C9 /* Debug */ = {
			isa = XCBuildConfiguration;
			buildSettings = {
				ALWAYS_EMBED_SWIFT_STANDARD_LIBRARIES = YES;
				DEVELOPMENT_TEAM = CX9G9ZFEQ2;
				INFOPLIST_FILE = ArmyOfOnesUITests/Info.plist;
				LD_RUNPATH_SEARCH_PATHS = "$(inherited) @executable_path/Frameworks @loader_path/Frameworks";
				PRODUCT_BUNDLE_IDENTIFIER = com.pdenya.ArmyOfOnesUITests;
				PRODUCT_NAME = "$(TARGET_NAME)";
				SWIFT_VERSION = 3.0;
				TEST_TARGET_NAME = ArmyOfOnes;
			};
			name = Debug;
		};
		78D08E0A1DBFB69C0075C5C9 /* Release */ = {
			isa = XCBuildConfiguration;
			buildSettings = {
				ALWAYS_EMBED_SWIFT_STANDARD_LIBRARIES = YES;
				DEVELOPMENT_TEAM = CX9G9ZFEQ2;
				INFOPLIST_FILE = ArmyOfOnesUITests/Info.plist;
				LD_RUNPATH_SEARCH_PATHS = "$(inherited) @executable_path/Frameworks @loader_path/Frameworks";
				PRODUCT_BUNDLE_IDENTIFIER = com.pdenya.ArmyOfOnesUITests;
				PRODUCT_NAME = "$(TARGET_NAME)";
				SWIFT_VERSION = 3.0;
				TEST_TARGET_NAME = ArmyOfOnes;
			};
			name = Release;
		};
/* End XCBuildConfiguration section */

/* Begin XCConfigurationList section */
		78D08DD51DBFB69C0075C5C9 /* Build configuration list for PBXProject "ArmyOfOnes" */ = {
			isa = XCConfigurationList;
			buildConfigurations = (
				78D08E001DBFB69C0075C5C9 /* Debug */,
				78D08E011DBFB69C0075C5C9 /* Release */,
			);
			defaultConfigurationIsVisible = 0;
			defaultConfigurationName = Release;
		};
		78D08E021DBFB69C0075C5C9 /* Build configuration list for PBXNativeTarget "ArmyOfOnes" */ = {
			isa = XCConfigurationList;
			buildConfigurations = (
				78D08E031DBFB69C0075C5C9 /* Debug */,
				78D08E041DBFB69C0075C5C9 /* Release */,
			);
			defaultConfigurationIsVisible = 0;
			defaultConfigurationName = Release;
		};
		78D08E051DBFB69C0075C5C9 /* Build configuration list for PBXNativeTarget "ArmyOfOnesTests" */ = {
			isa = XCConfigurationList;
			buildConfigurations = (
				78D08E061DBFB69C0075C5C9 /* Debug */,
				78D08E071DBFB69C0075C5C9 /* Release */,
			);
			defaultConfigurationIsVisible = 0;
			defaultConfigurationName = Release;
		};
		78D08E081DBFB69C0075C5C9 /* Build configuration list for PBXNativeTarget "ArmyOfOnesUITests" */ = {
			isa = XCConfigurationList;
			buildConfigurations = (
				78D08E091DBFB69C0075C5C9 /* Debug */,
				78D08E0A1DBFB69C0075C5C9 /* Release */,
			);
			defaultConfigurationIsVisible = 0;
			defaultConfigurationName = Release;
		};
/* End XCConfigurationList section */
	};
	rootObject = 78D08DD21DBFB69C0075C5C9 /* Project object */;
}
